
Microsoft Visual Studio Solution File, Format Version 12.00
# Visual Studio Version 17
VisualStudioVersion = 17.10.35013.160
MinimumVisualStudioVersion = 10.0.40219.1
Project("{9A19103F-16F7-4668-BE54-9A1E7A4F7556}") = "Services.AdministratorOne.Abstractions", "Services.AdministratorOne.Abstractions\Services.AdministratorOne.Abstractions.csproj", "{03D4151E-66A7-492C-B9C7-868648846079}"
EndProject
Project("{9A19103F-16F7-4668-BE54-9A1E7A4F7556}") = "Services.AdministratorTwo.Abstractions", "Services.AdministratorTwo.Abstractions\Services.AdministratorTwo.Abstractions.csproj", "{37FBA537-7ECC-4632-8BED-0BADC3870F1C}"
EndProject
Project("{9A19103F-16F7-4668-BE54-9A1E7A4F7556}") = "Services.Applications", "Services.Applications\Services.Applications.csproj", "{D73A28E7-E55D-4F50-AFD0-FEF07671E8C1}"
EndProject
Project("{9A19103F-16F7-4668-BE54-9A1E7A4F7556}") = "Services.Common", "Services.Common\Services.Common.csproj", "{1238C4B1-3EB7-4C6F-B822-9DB4BBE388E6}"
EndProject
Project("{9A19103F-16F7-4668-BE54-9A1E7A4F7556}") = "Console.ProductOne", "Console.ProductOne\Console.ProductOne.csproj", "{EDA8D0D6-8222-4583-B267-F787B55B2CE8}"
EndProject
Global
	GlobalSection(SolutionConfigurationPlatforms) = preSolution
		Debug|Any CPU = Debug|Any CPU
		Release|Any CPU = Release|Any CPU
	EndGlobalSection
	GlobalSection(ProjectConfigurationPlatforms) = postSolution
		{03D4151E-66A7-492C-B9C7-868648846079}.Debug|Any CPU.ActiveCfg = Debug|Any CPU
		{03D4151E-66A7-492C-B9C7-868648846079}.Debug|Any CPU.Build.0 = Debug|Any CPU
		{03D4151E-66A7-492C-B9C7-868648846079}.Release|Any CPU.ActiveCfg = Release|Any CPU
		{03D4151E-66A7-492C-B9C7-868648846079}.Release|Any CPU.Build.0 = Release|Any CPU
		{37FBA537-7ECC-4632-8BED-0BADC3870F1C}.Debug|Any CPU.ActiveCfg = Debug|Any CPU
		{37FBA537-7ECC-4632-8BED-0BADC3870F1C}.Debug|Any CPU.Build.0 = Debug|Any CPU
		{37FBA537-7ECC-4632-8BED-0BADC3870F1C}.Release|Any CPU.ActiveCfg = Release|Any CPU
		{37FBA537-7ECC-4632-8BED-0BADC3870F1C}.Release|Any CPU.Build.0 = Release|Any CPU
		{D73A28E7-E55D-4F50-AFD0-FEF07671E8C1}.Debug|Any CPU.ActiveCfg = Debug|Any CPU
		{D73A28E7-E55D-4F50-AFD0-FEF07671E8C1}.Debug|Any CPU.Build.0 = Debug|Any CPU
		{D73A28E7-E55D-4F50-AFD0-FEF07671E8C1}.Release|Any CPU.ActiveCfg = Release|Any CPU
		{D73A28E7-E55D-4F50-AFD0-FEF07671E8C1}.Release|Any CPU.Build.0 = Release|Any CPU
		{1238C4B1-3EB7-4C6F-B822-9DB4BBE388E6}.Debug|Any CPU.ActiveCfg = Debug|Any CPU
		{1238C4B1-3EB7-4C6F-B822-9DB4BBE388E6}.Debug|Any CPU.Build.0 = Debug|Any CPU
		{1238C4B1-3EB7-4C6F-B822-9DB4BBE388E6}.Release|Any CPU.ActiveCfg = Release|Any CPU
		{1238C4B1-3EB7-4C6F-B822-9DB4BBE388E6}.Release|Any CPU.Build.0 = Release|Any CPU
		{EDA8D0D6-8222-4583-B267-F787B55B2CE8}.Debug|Any CPU.ActiveCfg = Debug|Any CPU
		{EDA8D0D6-8222-4583-B267-F787B55B2CE8}.Debug|Any CPU.Build.0 = Debug|Any CPU
		{EDA8D0D6-8222-4583-B267-F787B55B2CE8}.Release|Any CPU.ActiveCfg = Release|Any CPU
		{EDA8D0D6-8222-4583-B267-F787B55B2CE8}.Release|Any CPU.Build.0 = Release|Any CPU
	EndGlobalSection
	GlobalSection(SolutionProperties) = preSolution
		HideSolutionNode = FALSE
	EndGlobalSection
EndGlobal
